
Microsoft Visual Studio Solution File, Format Version 12.00
# Visual Studio 15
VisualStudioVersion = 15.0.26228.76
MinimumVisualStudioVersion = 10.0.40219.1
Project("{8BC9CEB8-8B4A-11D0-8D11-00A0C91BC942}") = "Engine", "Engine\Engine.vcxproj", "{C7813694-A959-4E59-ADBE-94864E677B7F}"
EndProject
Global
	GlobalSection(SolutionConfigurationPlatforms) = preSolution
		Debug|x64 = Debug|x64
		Debug|x86 = Debug|x86
		Release|x64 = Release|x64
		Release|x86 = Release|x86
	EndGlobalSection
	GlobalSection(ProjectConfigurationPlatforms) = postSolution
		{C7813694-A959-4E59-ADBE-94864E677B7F}.Debug|x64.ActiveCfg = Debug|x64
		{C7813694-A959-4E59-ADBE-94864E677B7F}.Debug|x64.Build.0 = Debug|x64
		{C7813694-A959-4E59-ADBE-94864E677B7F}.Debug|x86.ActiveCfg = Debug|Win32
		{C7813694-A959-4E59-ADBE-94864E677B7F}.Debug|x86.Build.0 = Debug|Win32
		{C7813694-A959-4E59-ADBE-94864E677B7F}.Release|x64.ActiveCfg = Release|x64
		{C7813694-A959-4E59-ADBE-94864E677B7F}.Release|x64.Build.0 = Release|x64
		{C7813694-A959-4E59-ADBE-94864E677B7F}.Release|x86.ActiveCfg = Release|Win32
		{C7813694-A959-4E59-ADBE-94864E677B7F}.Release|x86.Build.0 = Release|Win32
	EndGlobalSection
	GlobalSection(SolutionProperties) = preSolution
		HideSolutionNode = FALSE
	EndGlobalSection
EndGlobal
